// !$*UTF8*$!
{
	archiveVersion = 1;
	classes = {
	};
	objectVersion = 56;
	objects = {

/* Begin PBXBuildFile section */
		2A7F91172B107A02009D084F /* PostTableViewController.swift in Sources */ = {isa = PBXBuildFile; fileRef = 2A7F91162B107A02009D084F /* PostTableViewController.swift */; };
		2A7F91192B107A40009D084F /* Model.swift in Sources */ = {isa = PBXBuildFile; fileRef = 2A7F91182B107A40009D084F /* Model.swift */; };
		2A7F911B2B107E53009D084F /* PostTableViewCell.swift in Sources */ = {isa = PBXBuildFile; fileRef = 2A7F911A2B107E53009D084F /* PostTableViewCell.swift */; };
		2A7F911D2B1081C0009D084F /* DashBoardViewController.swift in Sources */ = {isa = PBXBuildFile; fileRef = 2A7F911C2B1081C0009D084F /* DashBoardViewController.swift */; };
		2A95BABE2B0C8BDC009C7510 /* AppDelegate.swift in Sources */ = {isa = PBXBuildFile; fileRef = 2A95BABD2B0C8BDC009C7510 /* AppDelegate.swift */; };
		2A95BAC02B0C8BDC009C7510 /* SceneDelegate.swift in Sources */ = {isa = PBXBuildFile; fileRef = 2A95BABF2B0C8BDC009C7510 /* SceneDelegate.swift */; };
		2A95BAC52B0C8BDC009C7510 /* Main.storyboard in Resources */ = {isa = PBXBuildFile; fileRef = 2A95BAC32B0C8BDC009C7510 /* Main.storyboard */; };
		2A95BAC72B0C8BDF009C7510 /* Assets.xcassets in Resources */ = {isa = PBXBuildFile; fileRef = 2A95BAC62B0C8BDF009C7510 /* Assets.xcassets */; };
		2A95BACA2B0C8BDF009C7510 /* LaunchScreen.storyboard in Resources */ = {isa = PBXBuildFile; fileRef = 2A95BAC82B0C8BDF009C7510 /* LaunchScreen.storyboard */; };
		2A95BAD22B0C8C6A009C7510 /* LoginViewController.swift in Sources */ = {isa = PBXBuildFile; fileRef = 2A95BAD12B0C8C6A009C7510 /* LoginViewController.swift */; };
		2AF53B9B2B0DBB890048D055 /* CreatePostViewController.swift in Sources */ = {isa = PBXBuildFile; fileRef = 2AF53B9A2B0DBB880048D055 /* CreatePostViewController.swift */; };
		92638875C4641F567887E832 /* Pods_FinalAssignment.framework in Frameworks */ = {isa = PBXBuildFile; fileRef = C012EC085042987C02359722 /* Pods_FinalAssignment.framework */; };
/* End PBXBuildFile section */

/* Begin PBXFileReference section */
		2A7F91162B107A02009D084F /* PostTableViewController.swift */ = {isa = PBXFileReference; lastKnownFileType = sourcecode.swift; path = PostTableViewController.swift; sourceTree = "<group>"; };
		2A7F91182B107A40009D084F /* Model.swift */ = {isa = PBXFileReference; fileEncoding = 4; lastKnownFileType = sourcecode.swift; path = Model.swift; sourceTree = "<group>"; };
		2A7F911A2B107E53009D084F /* PostTableViewCell.swift */ = {isa = PBXFileReference; lastKnownFileType = sourcecode.swift; path = PostTableViewCell.swift; sourceTree = "<group>"; };
		2A7F911C2B1081C0009D084F /* DashBoardViewController.swift */ = {isa = PBXFileReference; lastKnownFileType = sourcecode.swift; path = DashBoardViewController.swift; sourceTree = "<group>"; };
		2A95BABA2B0C8BDC009C7510 /* FinalAssignment.app */ = {isa = PBXFileReference; explicitFileType = wrapper.application; includeInIndex = 0; path = FinalAssignment.app; sourceTree = BUILT_PRODUCTS_DIR; };
		2A95BABD2B0C8BDC009C7510 /* AppDelegate.swift */ = {isa = PBXFileReference; lastKnownFileType = sourcecode.swift; path = AppDelegate.swift; sourceTree = "<group>"; };
		2A95BABF2B0C8BDC009C7510 /* SceneDelegate.swift */ = {isa = PBXFileReference; lastKnownFileType = sourcecode.swift; path = SceneDelegate.swift; sourceTree = "<group>"; };
		2A95BAC42B0C8BDC009C7510 /* Base */ = {isa = PBXFileReference; lastKnownFileType = file.storyboard; name = Base; path = Base.lproj/Main.storyboard; sourceTree = "<group>"; };
		2A95BAC62B0C8BDF009C7510 /* Assets.xcassets */ = {isa = PBXFileReference; lastKnownFileType = folder.assetcatalog; path = Assets.xcassets; sourceTree = "<group>"; };
		2A95BAC92B0C8BDF009C7510 /* Base */ = {isa = PBXFileReference; lastKnownFileType = file.storyboard; name = Base; path = Base.lproj/LaunchScreen.storyboard; sourceTree = "<group>"; };
		2A95BACB2B0C8BDF009C7510 /* Info.plist */ = {isa = PBXFileReference; lastKnownFileType = text.plist.xml; path = Info.plist; sourceTree = "<group>"; };
		2A95BAD12B0C8C6A009C7510 /* LoginViewController.swift */ = {isa = PBXFileReference; lastKnownFileType = sourcecode.swift; path = LoginViewController.swift; sourceTree = "<group>"; };
		2AF53B9A2B0DBB880048D055 /* CreatePostViewController.swift */ = {isa = PBXFileReference; lastKnownFileType = sourcecode.swift; path = CreatePostViewController.swift; sourceTree = "<group>"; };
		397FD2208C989AA68FE48B75 /* Pods-FinalAssignment.release.xcconfig */ = {isa = PBXFileReference; includeInIndex = 1; lastKnownFileType = text.xcconfig; name = "Pods-FinalAssignment.release.xcconfig"; path = "Target Support Files/Pods-FinalAssignment/Pods-FinalAssignment.release.xcconfig"; sourceTree = "<group>"; };
		87B9239A5971367C198E0201 /* Pods-FinalAssignment.debug.xcconfig */ = {isa = PBXFileReference; includeInIndex = 1; lastKnownFileType = text.xcconfig; name = "Pods-FinalAssignment.debug.xcconfig"; path = "Target Support Files/Pods-FinalAssignment/Pods-FinalAssignment.debug.xcconfig"; sourceTree = "<group>"; };
		C012EC085042987C02359722 /* Pods_FinalAssignment.framework */ = {isa = PBXFileReference; explicitFileType = wrapper.framework; includeInIndex = 0; path = Pods_FinalAssignment.framework; sourceTree = BUILT_PRODUCTS_DIR; };
/* End PBXFileReference section */

/* Begin PBXFrameworksBuildPhase section */
		2A95BAB72B0C8BDC009C7510 /* Frameworks */ = {
			isa = PBXFrameworksBuildPhase;
			buildActionMask = 2147483647;
			files = (
				92638875C4641F567887E832 /* Pods_FinalAssignment.framework in Frameworks */,
			);
			runOnlyForDeploymentPostprocessing = 0;
		};
/* End PBXFrameworksBuildPhase section */

/* Begin PBXGroup section */
		2A95BAB12B0C8BDC009C7510 = {
			isa = PBXGroup;
			children = (
				2A95BABC2B0C8BDC009C7510 /* FinalAssignment */,
				2A95BABB2B0C8BDC009C7510 /* Products */,
				A44A6CC9017E15E50EAC725F /* Pods */,
				39A617F5AF09D56BF881FA24 /* Frameworks */,
			);
			sourceTree = "<group>";
		};
		2A95BABB2B0C8BDC009C7510 /* Products */ = {
			isa = PBXGroup;
			children = (
				2A95BABA2B0C8BDC009C7510 /* FinalAssignment.app */,
			);
			name = Products;
			sourceTree = "<group>";
		};
		2A95BABC2B0C8BDC009C7510 /* FinalAssignment */ = {
			isa = PBXGroup;
			children = (
				2AAE88BE2B0CCE81001F8EE4 /* View */,
				2A95BAD42B0C8C7B009C7510 /* Model */,
				2A95BAD32B0C8C72009C7510 /* ViewController */,
				2A95BABD2B0C8BDC009C7510 /* AppDelegate.swift */,
				2A95BABF2B0C8BDC009C7510 /* SceneDelegate.swift */,
				2A95BACB2B0C8BDF009C7510 /* Info.plist */,
				2A95BAC62B0C8BDF009C7510 /* Assets.xcassets */,
			);
			path = FinalAssignment;
			sourceTree = "<group>";
		};
		2A95BAD32B0C8C72009C7510 /* ViewController */ = {
			isa = PBXGroup;
			children = (
				2A95BAD12B0C8C6A009C7510 /* LoginViewController.swift */,
				2AF53B9A2B0DBB880048D055 /* CreatePostViewController.swift */,
				2A7F91162B107A02009D084F /* PostTableViewController.swift */,
				2A7F911A2B107E53009D084F /* PostTableViewCell.swift */,
				2A7F911C2B1081C0009D084F /* DashBoardViewController.swift */,
			);
			path = ViewController;
			sourceTree = "<group>";
		};
		2A95BAD42B0C8C7B009C7510 /* Model */ = {
			isa = PBXGroup;
			children = (
				2A7F91182B107A40009D084F /* Model.swift */,
			);
			path = Model;
			sourceTree = "<group>";
		};
		2AAE88BE2B0CCE81001F8EE4 /* View */ = {
			isa = PBXGroup;
			children = (
				2A95BAC32B0C8BDC009C7510 /* Main.storyboard */,
				2A95BAC82B0C8BDF009C7510 /* LaunchScreen.storyboard */,
			);
			path = View;
			sourceTree = "<group>";
		};
		39A617F5AF09D56BF881FA24 /* Frameworks */ = {
			isa = PBXGroup;
			children = (
				C012EC085042987C02359722 /* Pods_FinalAssignment.framework */,
			);
			name = Frameworks;
			sourceTree = "<group>";
		};
		A44A6CC9017E15E50EAC725F /* Pods */ = {
			isa = PBXGroup;
			children = (
				87B9239A5971367C198E0201 /* Pods-FinalAssignment.debug.xcconfig */,
				397FD2208C989AA68FE48B75 /* Pods-FinalAssignment.release.xcconfig */,
			);
			path = Pods;
			sourceTree = "<group>";
		};
/* End PBXGroup section */

/* Begin PBXNativeTarget section */
		2A95BAB92B0C8BDC009C7510 /* FinalAssignment */ = {
			isa = PBXNativeTarget;
			buildConfigurationList = 2A95BACE2B0C8BDF009C7510 /* Build configuration list for PBXNativeTarget "FinalAssignment" */;
			buildPhases = (
				EE1953C7C5B31A16AC05D1B8 /* [CP] Check Pods Manifest.lock */,
				2A95BAB62B0C8BDC009C7510 /* Sources */,
				2A95BAB72B0C8BDC009C7510 /* Frameworks */,
				2A95BAB82B0C8BDC009C7510 /* Resources */,
				445B0506D96A93B4B0D5D624 /* [CP] Embed Pods Frameworks */,
			);
			buildRules = (
			);
			dependencies = (
			);
			name = FinalAssignment;
			productName = FinalAssignment;
			productReference = 2A95BABA2B0C8BDC009C7510 /* FinalAssignment.app */;
			productType = "com.apple.product-type.application";
		};
/* End PBXNativeTarget section */

/* Begin PBXProject section */
		2A95BAB22B0C8BDC009C7510 /* Project object */ = {
			isa = PBXProject;
			attributes = {
				BuildIndependentTargetsInParallel = 1;
				LastSwiftUpdateCheck = 1400;
				LastUpgradeCheck = 1400;
				TargetAttributes = {
					2A95BAB92B0C8BDC009C7510 = {
						CreatedOnToolsVersion = 14.0;
					};
				};
			};
			buildConfigurationList = 2A95BAB52B0C8BDC009C7510 /* Build configuration list for PBXProject "FinalAssignment" */;
			compatibilityVersion = "Xcode 14.0";
			developmentRegion = en;
			hasScannedForEncodings = 0;
			knownRegions = (
				en,
				Base,
			);
			mainGroup = 2A95BAB12B0C8BDC009C7510;
			productRefGroup = 2A95BABB2B0C8BDC009C7510 /* Products */;
			projectDirPath = "";
			projectRoot = "";
			targets = (
				2A95BAB92B0C8BDC009C7510 /* FinalAssignment */,
			);
		};
/* End PBXProject section */

/* Begin PBXResourcesBuildPhase section */
		2A95BAB82B0C8BDC009C7510 /* Resources */ = {
			isa = PBXResourcesBuildPhase;
			buildActionMask = 2147483647;
			files = (
				2A95BACA2B0C8BDF009C7510 /* LaunchScreen.storyboard in Resources */,
				2A95BAC72B0C8BDF009C7510 /* Assets.xcassets in Resources */,
				2A95BAC52B0C8BDC009C7510 /* Main.storyboard in Resources */,
			);
			runOnlyForDeploymentPostprocessing = 0;
		};
/* End PBXResourcesBuildPhase section */

/* Begin PBXShellScriptBuildPhase section */
		445B0506D96A93B4B0D5D624 /* [CP] Embed Pods Frameworks */ = {
			isa = PBXShellScriptBuildPhase;
			buildActionMask = 2147483647;
			files = (
			);
			inputFileListPaths = (
				"${PODS_ROOT}/Target Support Files/Pods-FinalAssignment/Pods-FinalAssignment-frameworks-${CONFIGURATION}-input-files.xcfilelist",
			);
			name = "[CP] Embed Pods Frameworks";
			outputFileListPaths = (
				"${PODS_ROOT}/Target Support Files/Pods-FinalAssignment/Pods-FinalAssignment-frameworks-${CONFIGURATION}-output-files.xcfilelist",
			);
			runOnlyForDeploymentPostprocessing = 0;
			shellPath = /bin/sh;
			shellScript = "\"${PODS_ROOT}/Target Support Files/Pods-FinalAssignment/Pods-FinalAssignment-frameworks.sh\"\n";
			showEnvVarsInLog = 0;
		};
		EE1953C7C5B31A16AC05D1B8 /* [CP] Check Pods Manifest.lock */ = {
			isa = PBXShellScriptBuildPhase;
			buildActionMask = 2147483647;
			files = (
			);
			inputFileListPaths = (
			);
			inputPaths = (
				"${PODS_PODFILE_DIR_PATH}/Podfile.lock",
				"${PODS_ROOT}/Manifest.lock",
			);
			name = "[CP] Check Pods Manifest.lock";
			outputFileListPaths = (
			);
			outputPaths = (
				"$(DERIVED_FILE_DIR)/Pods-FinalAssignment-checkManifestLockResult.txt",
			);
			runOnlyForDeploymentPostprocessing = 0;
			shellPath = /bin/sh;
			shellScript = "diff \"${PODS_PODFILE_DIR_PATH}/Podfile.lock\" \"${PODS_ROOT}/Manifest.lock\" > /dev/null\nif [ $? != 0 ] ; then\n    # print error to STDERR\n    echo \"error: The sandbox is not in sync with the Podfile.lock. Run 'pod install' or update your CocoaPods installation.\" >&2\n    exit 1\nfi\n# This output is used by Xcode 'outputs' to avoid re-running this script phase.\necho \"SUCCESS\" > \"${SCRIPT_OUTPUT_FILE_0}\"\n";
			showEnvVarsInLog = 0;
		};
/* End PBXShellScriptBuildPhase section */

/* Begin PBXSourcesBuildPhase section */
		2A95BAB62B0C8BDC009C7510 /* Sources */ = {
			isa = PBXSourcesBuildPhase;
			buildActionMask = 2147483647;
			files = (
				2A7F91192B107A40009D084F /* Model.swift in Sources */,
				2AF53B9B2B0DBB890048D055 /* CreatePostViewController.swift in Sources */,
				2A7F91172B107A02009D084F /* PostTableViewController.swift in Sources */,
				2A7F911B2B107E53009D084F /* PostTableViewCell.swift in Sources */,
				2A95BAD22B0C8C6A009C7510 /* LoginViewController.swift in Sources */,
				2A95BABE2B0C8BDC009C7510 /* AppDelegate.swift in Sources */,
				2A95BAC02B0C8BDC009C7510 /* SceneDelegate.swift in Sources */,
				2A7F911D2B1081C0009D084F /* DashBoardViewController.swift in Sources */,
			);
			runOnlyForDeploymentPostprocessing = 0;
		};
/* End PBXSourcesBuildPhase section */

/* Begin PBXVariantGroup section */
		2A95BAC32B0C8BDC009C7510 /* Main.storyboard */ = {
			isa = PBXVariantGroup;
			children = (
				2A95BAC42B0C8BDC009C7510 /* Base */,
			);
			name = Main.storyboard;
			sourceTree = "<group>";
		};
		2A95BAC82B0C8BDF009C7510 /* LaunchScreen.storyboard */ = {
			isa = PBXVariantGroup;
			children = (
				2A95BAC92B0C8BDF009C7510 /* Base */,
			);
			name = LaunchScreen.storyboard;
			sourceTree = "<group>";
		};
/* End PBXVariantGroup section */

/* Begin XCBuildConfiguration section */
		2A95BACC2B0C8BDF009C7510 /* Debug */ = {
			isa = XCBuildConfiguration;
			buildSettings = {
				ALWAYS_SEARCH_USER_PATHS = NO;
				CLANG_ANALYZER_NONNULL = YES;
				CLANG_ANALYZER_NUMBER_OBJECT_CONVERSION = YES_AGGRESSIVE;
				CLANG_CXX_LANGUAGE_STANDARD = "gnu++20";
				CLANG_ENABLE_MODULES = YES;
				CLANG_ENABLE_OBJC_ARC = YES;
				CLANG_ENABLE_OBJC_WEAK = YES;
				CLANG_WARN_BLOCK_CAPTURE_AUTORELEASING = YES;
				CLANG_WARN_BOOL_CONVERSION = YES;
				CLANG_WARN_COMMA = YES;
				CLANG_WARN_CONSTANT_CONVERSION = YES;
				CLANG_WARN_DEPRECATED_OBJC_IMPLEMENTATIONS = YES;
				CLANG_WARN_DIRECT_OBJC_ISA_USAGE = YES_ERROR;
				CLANG_WARN_DOCUMENTATION_COMMENTS = YES;
				CLANG_WARN_EMPTY_BODY = YES;
				CLANG_WARN_ENUM_CONVERSION = YES;
				CLANG_WARN_INFINITE_RECURSION = YES;
				CLANG_WARN_INT_CONVERSION = YES;
				CLANG_WARN_NON_LITERAL_NULL_CONVERSION = YES;
				CLANG_WARN_OBJC_IMPLICIT_RETAIN_SELF = YES;
				CLANG_WARN_OBJC_LITERAL_CONVERSION = YES;
				CLANG_WARN_OBJC_ROOT_CLASS = YES_ERROR;
				CLANG_WARN_QUOTED_INCLUDE_IN_FRAMEWORK_HEADER = YES;
				CLANG_WARN_RANGE_LOOP_ANALYSIS = YES;
				CLANG_WARN_STRICT_PROTOTYPES = YES;
				CLANG_WARN_SUSPICIOUS_MOVE = YES;
				CLANG_WARN_UNGUARDED_AVAILABILITY = YES_AGGRESSIVE;
				CLANG_WARN_UNREACHABLE_CODE = YES;
				CLANG_WARN__DUPLICATE_METHOD_MATCH = YES;
				COPY_PHASE_STRIP = NO;
				DEBUG_INFORMATION_FORMAT = dwarf;
				ENABLE_STRICT_OBJC_MSGSEND = YES;
				ENABLE_TESTABILITY = YES;
				GCC_C_LANGUAGE_STANDARD = gnu11;
				GCC_DYNAMIC_NO_PIC = NO;
				GCC_NO_COMMON_BLOCKS = YES;
				GCC_OPTIMIZATION_LEVEL = 0;
				GCC_PREPROCESSOR_DEFINITIONS = (
					"DEBUG=1",
					"$(inherited)",
				);
				GCC_WARN_64_TO_32_BIT_CONVERSION = YES;
				GCC_WARN_ABOUT_RETURN_TYPE = YES_ERROR;
				GCC_WARN_UNDECLARED_SELECTOR = YES;
				GCC_WARN_UNINITIALIZED_AUTOS = YES_AGGRESSIVE;
				GCC_WARN_UNUSED_FUNCTION = YES;
				GCC_WARN_UNUSED_VARIABLE = YES;
				IPHONEOS_DEPLOYMENT_TARGET = 16.0;
				MTL_ENABLE_DEBUG_INFO = INCLUDE_SOURCE;
				MTL_FAST_MATH = YES;
				ONLY_ACTIVE_ARCH = YES;
				SDKROOT = iphoneos;
				SWIFT_ACTIVE_COMPILATION_CONDITIONS = DEBUG;
				SWIFT_OPTIMIZATION_LEVEL = "-Onone";
			};
			name = Debug;
		};
		2A95BACD2B0C8BDF009C7510 /* Release */ = {
			isa = XCBuildConfiguration;
			buildSettings = {
				ALWAYS_SEARCH_USER_PATHS = NO;
				CLANG_ANALYZER_NONNULL = YES;
				CLANG_ANALYZER_NUMBER_OBJECT_CONVERSION = YES_AGGRESSIVE;
				CLANG_CXX_LANGUAGE_STANDARD = "gnu++20";
				CLANG_ENABLE_MODULES = YES;
				CLANG_ENABLE_OBJC_ARC = YES;
				CLANG_ENABLE_OBJC_WEAK = YES;
				CLANG_WARN_BLOCK_CAPTURE_AUTORELEASING = YES;
				CLANG_WARN_BOOL_CONVERSION = YES;
				CLANG_WARN_COMMA = YES;
				CLANG_WARN_CONSTANT_CONVERSION = YES;
				CLANG_WARN_DEPRECATED_OBJC_IMPLEMENTATIONS = YES;
				CLANG_WARN_DIRECT_OBJC_ISA_USAGE = YES_ERROR;
				CLANG_WARN_DOCUMENTATION_COMMENTS = YES;
				CLANG_WARN_EMPTY_BODY = YES;
				CLANG_WARN_ENUM_CONVERSION = YES;
				CLANG_WARN_INFINITE_RECURSION = YES;
				CLANG_WARN_INT_CONVERSION = YES;
				CLANG_WARN_NON_LITERAL_NULL_CONVERSION = YES;
				CLANG_WARN_OBJC_IMPLICIT_RETAIN_SELF = YES;
				CLANG_WARN_OBJC_LITERAL_CONVERSION = YES;
				CLANG_WARN_OBJC_ROOT_CLASS = YES_ERROR;
				CLANG_WARN_QUOTED_INCLUDE_IN_FRAMEWORK_HEADER = YES;
				CLANG_WARN_RANGE_LOOP_ANALYSIS = YES;
				CLANG_WARN_STRICT_PROTOTYPES = YES;
				CLANG_WARN_SUSPICIOUS_MOVE = YES;
				CLANG_WARN_UNGUARDED_AVAILABILITY = YES_AGGRESSIVE;
				CLANG_WARN_UNREACHABLE_CODE = YES;
				CLANG_WARN__DUPLICATE_METHOD_MATCH = YES;
				COPY_PHASE_STRIP = NO;
				DEBUG_INFORMATION_FORMAT = "dwarf-with-dsym";
				ENABLE_NS_ASSERTIONS = NO;
				ENABLE_STRICT_OBJC_MSGSEND = YES;
				GCC_C_LANGUAGE_STANDARD = gnu11;
				GCC_NO_COMMON_BLOCKS = YES;
				GCC_WARN_64_TO_32_BIT_CONVERSION = YES;
				GCC_WARN_ABOUT_RETURN_TYPE = YES_ERROR;
				GCC_WARN_UNDECLARED_SELECTOR = YES;
				GCC_WARN_UNINITIALIZED_AUTOS = YES_AGGRESSIVE;
				GCC_WARN_UNUSED_FUNCTION = YES;
				GCC_WARN_UNUSED_VARIABLE = YES;
				IPHONEOS_DEPLOYMENT_TARGET = 16.0;
				MTL_ENABLE_DEBUG_INFO = NO;
				MTL_FAST_MATH = YES;
				SDKROOT = iphoneos;
				SWIFT_COMPILATION_MODE = wholemodule;
				SWIFT_OPTIMIZATION_LEVEL = "-O";
				VALIDATE_PRODUCT = YES;
			};
			name = Release;
		};
		2A95BACF2B0C8BDF009C7510 /* Debug */ = {
			isa = XCBuildConfiguration;
			baseConfigurationReference = 87B9239A5971367C198E0201 /* Pods-FinalAssignment.debug.xcconfig */;
			buildSettings = {
				ASSETCATALOG_COMPILER_APPICON_NAME = AppIcon;
				ASSETCATALOG_COMPILER_GLOBAL_ACCENT_COLOR_NAME = AccentColor;
				CODE_SIGN_STYLE = Automatic;
				CURRENT_PROJECT_VERSION = 1;
				GENERATE_INFOPLIST_FILE = YES;
				INFOPLIST_FILE = FinalAssignment/Info.plist;
				INFOPLIST_KEY_UIApplicationSupportsIndirectInputEvents = YES;
				INFOPLIST_KEY_UILaunchStoryboardName = LaunchScreen;
				INFOPLIST_KEY_UIMainStoryboardFile = Main;
				INFOPLIST_KEY_UISupportedInterfaceOrientations_iPad = "UIInterfaceOrientationPortrait UIInterfaceOrientationPortraitUpsideDown UIInterfaceOrientationLandscapeLeft UIInterfaceOrientationLandscapeRight";
				INFOPLIST_KEY_UISupportedInterfaceOrientations_iPhone = "UIInterfaceOrientationPortrait UIInterfaceOrientationLandscapeLeft UIInterfaceOrientationLandscapeRight";
				LD_RUNPATH_SEARCH_PATHS = (
					"$(inherited)",
					"@executable_path/Frameworks",
				);
				MARKETING_VERSION = 1.0;
				PRODUCT_BUNDLE_IDENTIFIER = com.new.demo.FinalAssignment;
				PRODUCT_NAME = "$(TARGET_NAME)";
				SWIFT_EMIT_LOC_STRINGS = YES;
				SWIFT_VERSION = 5.0;
				TARGETED_DEVICE_FAMILY = "1,2";
			};
			name = Debug;
		};
		2A95BAD02B0C8BDF009C7510 /* Release */ = {
			isa = XCBuildConfiguration;
			baseConfigurationReference = 397FD2208C989AA68FE48B75 /* Pods-FinalAssignment.release.xcconfig */;
			buildSettings = {
				ASSETCATALOG_COMPILER_APPICON_NAME = AppIcon;
				ASSETCATALOG_COMPILER_GLOBAL_ACCENT_COLOR_NAME = AccentColor;
				CODE_SIGN_STYLE = Automatic;
				CURRENT_PROJECT_VERSION = 1;
				GENERATE_INFOPLIST_FILE = YES;
				INFOPLIST_FILE = FinalAssignment/Info.plist;
				INFOPLIST_KEY_UIApplicationSupportsIndirectInputEvents = YES;
				INFOPLIST_KEY_UILaunchStoryboardName = LaunchScreen;
				INFOPLIST_KEY_UIMainStoryboardFile = Main;
				INFOPLIST_KEY_UISupportedInterfaceOrientations_iPad = "UIInterfaceOrientationPortrait UIInterfaceOrientationPortraitUpsideDown UIInterfaceOrientationLandscapeLeft UIInterfaceOrientationLandscapeRight";
				INFOPLIST_KEY_UISupportedInterfaceOrientations_iPhone = "UIInterfaceOrientationPortrait UIInterfaceOrientationLandscapeLeft UIInterfaceOrientationLandscapeRight";
				LD_RUNPATH_SEARCH_PATHS = (
					"$(inherited)",
					"@executable_path/Frameworks",
				);
				MARKETING_VERSION = 1.0;
				PRODUCT_BUNDLE_IDENTIFIER = com.new.demo.FinalAssignment;
				PRODUCT_NAME = "$(TARGET_NAME)";
				SWIFT_EMIT_LOC_STRINGS = YES;
				SWIFT_VERSION = 5.0;
				TARGETED_DEVICE_FAMILY = "1,2";
			};
			name = Release;
		};
/* End XCBuildConfiguration section */

/* Begin XCConfigurationList section */
		2A95BAB52B0C8BDC009C7510 /* Build configuration list for PBXProject "FinalAssignment" */ = {
			isa = XCConfigurationList;
			buildConfigurations = (
				2A95BACC2B0C8BDF009C7510 /* Debug */,
				2A95BACD2B0C8BDF009C7510 /* Release */,
			);
			defaultConfigurationIsVisible = 0;
			defaultConfigurationName = Release;
		};
		2A95BACE2B0C8BDF009C7510 /* Build configuration list for PBXNativeTarget "FinalAssignment" */ = {
			isa = XCConfigurationList;
			buildConfigurations = (
				2A95BACF2B0C8BDF009C7510 /* Debug */,
				2A95BAD02B0C8BDF009C7510 /* Release */,
			);
			defaultConfigurationIsVisible = 0;
			defaultConfigurationName = Release;
		};
/* End XCConfigurationList section */
	};
	rootObject = 2A95BAB22B0C8BDC009C7510 /* Project object */;
}
